
Microsoft Visual Studio Solution File, Format Version 12.00
# Visual Studio 15
VisualStudioVersion = 15.0.28307.2017
MinimumVisualStudioVersion = 10.0.40219.1
Project("{FAE04EC0-301F-11D3-BF4B-00C04F79EFBC}") = "AppDomainTestLib", "AppDomainTestLib\AppDomainTestLib.csproj", "{EB5505EE-0A4A-4284-B659-7307DF9072C7}"
EndProject
Global
	GlobalSection(SolutionConfigurationPlatforms) = preSolution
		Debug|Any CPU = Debug|Any CPU
		Release|Any CPU = Release|Any CPU
	EndGlobalSection
	GlobalSection(ProjectConfigurationPlatforms) = postSolution
		{EB5505EE-0A4A-4284-B659-7307DF9072C7}.Debug|Any CPU.ActiveCfg = Debug|Any CPU
		{EB5505EE-0A4A-4284-B659-7307DF9072C7}.Debug|Any CPU.Build.0 = Debug|Any CPU
		{EB5505EE-0A4A-4284-B659-7307DF9072C7}.Release|Any CPU.ActiveCfg = Release|Any CPU
		{EB5505EE-0A4A-4284-B659-7307DF9072C7}.Release|Any CPU.Build.0 = Release|Any CPU
	EndGlobalSection
	GlobalSection(SolutionProperties) = preSolution
		HideSolutionNode = FALSE
	EndGlobalSection
	GlobalSection(ExtensibilityGlobals) = postSolution
		SolutionGuid = {0994539F-BC75-4DDB-8E1C-26DC198CEEB6}
	EndGlobalSection
EndGlobal
